// !$*UTF8*$!
{
	archiveVersion = 1;
	classes = {
	};
	objectVersion = 55;
	objects = {

/* Begin PBXBuildFile section */
		64FDD83C28436ED7007E3256 /* AppDelegate.swift in Sources */ = {isa = PBXBuildFile; fileRef = 64FDD83B28436ED7007E3256 /* AppDelegate.swift */; };
		64FDD83E28436ED7007E3256 /* SceneDelegate.swift in Sources */ = {isa = PBXBuildFile; fileRef = 64FDD83D28436ED7007E3256 /* SceneDelegate.swift */; };
		64FDD84028436ED7007E3256 /* ViewController.swift in Sources */ = {isa = PBXBuildFile; fileRef = 64FDD83F28436ED7007E3256 /* ViewController.swift */; };
		64FDD84328436ED7007E3256 /* Main.storyboard in Resources */ = {isa = PBXBuildFile; fileRef = 64FDD84128436ED7007E3256 /* Main.storyboard */; };
		64FDD84528436ED8007E3256 /* Assets.xcassets in Resources */ = {isa = PBXBuildFile; fileRef = 64FDD84428436ED8007E3256 /* Assets.xcassets */; };
		64FDD84828436ED8007E3256 /* LaunchScreen.storyboard in Resources */ = {isa = PBXBuildFile; fileRef = 64FDD84628436ED8007E3256 /* LaunchScreen.storyboard */; };
		64FDD85128436F2F007E3256 /* DribbbleAPI in Frameworks */ = {isa = PBXBuildFile; productRef = 64FDD85028436F2F007E3256 /* DribbbleAPI */; };
/* End PBXBuildFile section */

/* Begin PBXFileReference section */
		64FDD83828436ED7007E3256 /* DribbbleAPISample.app */ = {isa = PBXFileReference; explicitFileType = wrapper.application; includeInIndex = 0; path = DribbbleAPISample.app; sourceTree = BUILT_PRODUCTS_DIR; };
		64FDD83B28436ED7007E3256 /* AppDelegate.swift */ = {isa = PBXFileReference; lastKnownFileType = sourcecode.swift; path = AppDelegate.swift; sourceTree = "<group>"; };
		64FDD83D28436ED7007E3256 /* SceneDelegate.swift */ = {isa = PBXFileReference; lastKnownFileType = sourcecode.swift; path = SceneDelegate.swift; sourceTree = "<group>"; };
		64FDD83F28436ED7007E3256 /* ViewController.swift */ = {isa = PBXFileReference; lastKnownFileType = sourcecode.swift; path = ViewController.swift; sourceTree = "<group>"; };
		64FDD84228436ED7007E3256 /* Base */ = {isa = PBXFileReference; lastKnownFileType = file.storyboard; name = Base; path = Base.lproj/Main.storyboard; sourceTree = "<group>"; };
		64FDD84428436ED8007E3256 /* Assets.xcassets */ = {isa = PBXFileReference; lastKnownFileType = folder.assetcatalog; path = Assets.xcassets; sourceTree = "<group>"; };
		64FDD84728436ED8007E3256 /* Base */ = {isa = PBXFileReference; lastKnownFileType = file.storyboard; name = Base; path = Base.lproj/LaunchScreen.storyboard; sourceTree = "<group>"; };
		64FDD84928436ED8007E3256 /* Info.plist */ = {isa = PBXFileReference; lastKnownFileType = text.plist.xml; path = Info.plist; sourceTree = "<group>"; };
/* End PBXFileReference section */

/* Begin PBXFrameworksBuildPhase section */
		64FDD83528436ED7007E3256 /* Frameworks */ = {
			isa = PBXFrameworksBuildPhase;
			buildActionMask = 2147483647;
			files = (
				64FDD85128436F2F007E3256 /* DribbbleAPI in Frameworks */,
			);
			runOnlyForDeploymentPostprocessing = 0;
		};
/* End PBXFrameworksBuildPhase section */

/* Begin PBXGroup section */
		64FDD82F28436ED7007E3256 = {
			isa = PBXGroup;
			children = (
				64FDD83A28436ED7007E3256 /* DribbbleAPISample */,
				64FDD83928436ED7007E3256 /* Products */,
			);
			sourceTree = "<group>";
		};
		64FDD83928436ED7007E3256 /* Products */ = {
			isa = PBXGroup;
			children = (
				64FDD83828436ED7007E3256 /* DribbbleAPISample.app */,
			);
			name = Products;
			sourceTree = "<group>";
		};
		64FDD83A28436ED7007E3256 /* DribbbleAPISample */ = {
			isa = PBXGroup;
			children = (
				64FDD83B28436ED7007E3256 /* AppDelegate.swift */,
				64FDD83D28436ED7007E3256 /* SceneDelegate.swift */,
				64FDD83F28436ED7007E3256 /* ViewController.swift */,
				64FDD84128436ED7007E3256 /* Main.storyboard */,
				64FDD84428436ED8007E3256 /* Assets.xcassets */,
				64FDD84628436ED8007E3256 /* LaunchScreen.storyboard */,
				64FDD84928436ED8007E3256 /* Info.plist */,
			);
			path = DribbbleAPISample;
			sourceTree = "<group>";
		};
/* End PBXGroup section */

/* Begin PBXNativeTarget section */
		64FDD83728436ED7007E3256 /* DribbbleAPISample */ = {
			isa = PBXNativeTarget;
			buildConfigurationList = 64FDD84C28436ED8007E3256 /* Build configuration list for PBXNativeTarget "DribbbleAPISample" */;
			buildPhases = (
				64FDD83428436ED7007E3256 /* Sources */,
				64FDD83528436ED7007E3256 /* Frameworks */,
				64FDD83628436ED7007E3256 /* Resources */,
			);
			buildRules = (
			);
			dependencies = (
			);
			name = DribbbleAPISample;
			packageProductDependencies = (
				64FDD85028436F2F007E3256 /* DribbbleAPI */,
			);
			productName = DribbbleAPISample;
			productReference = 64FDD83828436ED7007E3256 /* DribbbleAPISample.app */;
			productType = "com.apple.product-type.application";
		};
/* End PBXNativeTarget section */

/* Begin PBXProject section */
		64FDD83028436ED7007E3256 /* Project object */ = {
			isa = PBXProject;
			attributes = {
				BuildIndependentTargetsInParallel = 1;
				LastSwiftUpdateCheck = 1330;
				LastUpgradeCheck = 1330;
				TargetAttributes = {
					64FDD83728436ED7007E3256 = {
						CreatedOnToolsVersion = 13.3.1;
					};
				};
			};
			buildConfigurationList = 64FDD83328436ED7007E3256 /* Build configuration list for PBXProject "DribbbleAPISample" */;
			compatibilityVersion = "Xcode 13.0";
			developmentRegion = en;
			hasScannedForEncodings = 0;
			knownRegions = (
				en,
				Base,
			);
			mainGroup = 64FDD82F28436ED7007E3256;
			packageReferences = (
				64FDD84F28436F2F007E3256 /* XCRemoteSwiftPackageReference "DribbbleAPI" */,
			);
			productRefGroup = 64FDD83928436ED7007E3256 /* Products */;
			projectDirPath = "";
			projectRoot = "";
			targets = (
				64FDD83728436ED7007E3256 /* DribbbleAPISample */,
			);
		};
/* End PBXProject section */

/* Begin PBXResourcesBuildPhase section */
		64FDD83628436ED7007E3256 /* Resources */ = {
			isa = PBXResourcesBuildPhase;
			buildActionMask = 2147483647;
			files = (
				64FDD84828436ED8007E3256 /* LaunchScreen.storyboard in Resources */,
				64FDD84528436ED8007E3256 /* Assets.xcassets in Resources */,
				64FDD84328436ED7007E3256 /* Main.storyboard in Resources */,
			);
			runOnlyForDeploymentPostprocessing = 0;
		};
/* End PBXResourcesBuildPhase section */

/* Begin PBXSourcesBuildPhase section */
		64FDD83428436ED7007E3256 /* Sources */ = {
			isa = PBXSourcesBuildPhase;
			buildActionMask = 2147483647;
			files = (
				64FDD84028436ED7007E3256 /* ViewController.swift in Sources */,
				64FDD83C28436ED7007E3256 /* AppDelegate.swift in Sources */,
				64FDD83E28436ED7007E3256 /* SceneDelegate.swift in Sources */,
			);
			runOnlyForDeploymentPostprocessing = 0;
		};
/* End PBXSourcesBuildPhase section */

/* Begin PBXVariantGroup section */
		64FDD84128436ED7007E3256 /* Main.storyboard */ = {
			isa = PBXVariantGroup;
			children = (
				64FDD84228436ED7007E3256 /* Base */,
			);
			name = Main.storyboard;
			sourceTree = "<group>";
		};
		64FDD84628436ED8007E3256 /* LaunchScreen.storyboard */ = {
			isa = PBXVariantGroup;
			children = (
				64FDD84728436ED8007E3256 /* Base */,
			);
			name = LaunchScreen.storyboard;
			sourceTree = "<group>";
		};
/* End PBXVariantGroup section */

/* Begin XCBuildConfiguration section */
		64FDD84A28436ED8007E3256 /* Debug */ = {
			isa = XCBuildConfiguration;
			buildSettings = {
				ALWAYS_SEARCH_USER_PATHS = NO;
				CLANG_ANALYZER_NONNULL = YES;
				CLANG_ANALYZER_NUMBER_OBJECT_CONVERSION = YES_AGGRESSIVE;
				CLANG_CXX_LANGUAGE_STANDARD = "gnu++17";
				CLANG_ENABLE_MODULES = YES;
				CLANG_ENABLE_OBJC_ARC = YES;
				CLANG_ENABLE_OBJC_WEAK = YES;
				CLANG_WARN_BLOCK_CAPTURE_AUTORELEASING = YES;
				CLANG_WARN_BOOL_CONVERSION = YES;
				CLANG_WARN_COMMA = YES;
				CLANG_WARN_CONSTANT_CONVERSION = YES;
				CLANG_WARN_DEPRECATED_OBJC_IMPLEMENTATIONS = YES;
				CLANG_WARN_DIRECT_OBJC_ISA_USAGE = YES_ERROR;
				CLANG_WARN_DOCUMENTATION_COMMENTS = YES;
				CLANG_WARN_EMPTY_BODY = YES;
				CLANG_WARN_ENUM_CONVERSION = YES;
				CLANG_WARN_INFINITE_RECURSION = YES;
				CLANG_WARN_INT_CONVERSION = YES;
				CLANG_WARN_NON_LITERAL_NULL_CONVERSION = YES;
				CLANG_WARN_OBJC_IMPLICIT_RETAIN_SELF = YES;
				CLANG_WARN_OBJC_LITERAL_CONVERSION = YES;
				CLANG_WARN_OBJC_ROOT_CLASS = YES_ERROR;
				CLANG_WARN_QUOTED_INCLUDE_IN_FRAMEWORK_HEADER = YES;
				CLANG_WARN_RANGE_LOOP_ANALYSIS = YES;
				CLANG_WARN_STRICT_PROTOTYPES = YES;
				CLANG_WARN_SUSPICIOUS_MOVE = YES;
				CLANG_WARN_UNGUARDED_AVAILABILITY = YES_AGGRESSIVE;
				CLANG_WARN_UNREACHABLE_CODE = YES;
				CLANG_WARN__DUPLICATE_METHOD_MATCH = YES;
				COPY_PHASE_STRIP = NO;
				DEBUG_INFORMATION_FORMAT = dwarf;
				ENABLE_STRICT_OBJC_MSGSEND = YES;
				ENABLE_TESTABILITY = YES;
				GCC_C_LANGUAGE_STANDARD = gnu11;
				GCC_DYNAMIC_NO_PIC = NO;
				GCC_NO_COMMON_BLOCKS = YES;
				GCC_OPTIMIZATION_LEVEL = 0;
				GCC_PREPROCESSOR_DEFINITIONS = (
					"DEBUG=1",
					"$(inherited)",
				);
				GCC_WARN_64_TO_32_BIT_CONVERSION = YES;
				GCC_WARN_ABOUT_RETURN_TYPE = YES_ERROR;
				GCC_WARN_UNDECLARED_SELECTOR = YES;
				GCC_WARN_UNINITIALIZED_AUTOS = YES_AGGRESSIVE;
				GCC_WARN_UNUSED_FUNCTION = YES;
				GCC_WARN_UNUSED_VARIABLE = YES;
				IPHONEOS_DEPLOYMENT_TARGET = 15.4;
				MTL_ENABLE_DEBUG_INFO = INCLUDE_SOURCE;
				MTL_FAST_MATH = YES;
				ONLY_ACTIVE_ARCH = YES;
				SDKROOT = iphoneos;
				SWIFT_ACTIVE_COMPILATION_CONDITIONS = DEBUG;
				SWIFT_OPTIMIZATION_LEVEL = "-Onone";
			};
			name = Debug;
		};
		64FDD84B28436ED8007E3256 /* Release */ = {
			isa = XCBuildConfiguration;
			buildSettings = {
				ALWAYS_SEARCH_USER_PATHS = NO;
				CLANG_ANALYZER_NONNULL = YES;
				CLANG_ANALYZER_NUMBER_OBJECT_CONVERSION = YES_AGGRESSIVE;
				CLANG_CXX_LANGUAGE_STANDARD = "gnu++17";
				CLANG_ENABLE_MODULES = YES;
				CLANG_ENABLE_OBJC_ARC = YES;
				CLANG_ENABLE_OBJC_WEAK = YES;
				CLANG_WARN_BLOCK_CAPTURE_AUTORELEASING = YES;
				CLANG_WARN_BOOL_CONVERSION = YES;
				CLANG_WARN_COMMA = YES;
				CLANG_WARN_CONSTANT_CONVERSION = YES;
				CLANG_WARN_DEPRECATED_OBJC_IMPLEMENTATIONS = YES;
				CLANG_WARN_DIRECT_OBJC_ISA_USAGE = YES_ERROR;
				CLANG_WARN_DOCUMENTATION_COMMENTS = YES;
				CLANG_WARN_EMPTY_BODY = YES;
				CLANG_WARN_ENUM_CONVERSION = YES;
				CLANG_WARN_INFINITE_RECURSION = YES;
				CLANG_WARN_INT_CONVERSION = YES;
				CLANG_WARN_NON_LITERAL_NULL_CONVERSION = YES;
				CLANG_WARN_OBJC_IMPLICIT_RETAIN_SELF = YES;
				CLANG_WARN_OBJC_LITERAL_CONVERSION = YES;
				CLANG_WARN_OBJC_ROOT_CLASS = YES_ERROR;
				CLANG_WARN_QUOTED_INCLUDE_IN_FRAMEWORK_HEADER = YES;
				CLANG_WARN_RANGE_LOOP_ANALYSIS = YES;
				CLANG_WARN_STRICT_PROTOTYPES = YES;
				CLANG_WARN_SUSPICIOUS_MOVE = YES;
				CLANG_WARN_UNGUARDED_AVAILABILITY = YES_AGGRESSIVE;
				CLANG_WARN_UNREACHABLE_CODE = YES;
				CLANG_WARN__DUPLICATE_METHOD_MATCH = YES;
				COPY_PHASE_STRIP = NO;
				DEBUG_INFORMATION_FORMAT = "dwarf-with-dsym";
				ENABLE_NS_ASSERTIONS = NO;
				ENABLE_STRICT_OBJC_MSGSEND = YES;
				GCC_C_LANGUAGE_STANDARD = gnu11;
				GCC_NO_COMMON_BLOCKS = YES;
				GCC_WARN_64_TO_32_BIT_CONVERSION = YES;
				GCC_WARN_ABOUT_RETURN_TYPE = YES_ERROR;
				GCC_WARN_UNDECLARED_SELECTOR = YES;
				GCC_WARN_UNINITIALIZED_AUTOS = YES_AGGRESSIVE;
				GCC_WARN_UNUSED_FUNCTION = YES;
				GCC_WARN_UNUSED_VARIABLE = YES;
				IPHONEOS_DEPLOYMENT_TARGET = 15.4;
				MTL_ENABLE_DEBUG_INFO = NO;
				MTL_FAST_MATH = YES;
				SDKROOT = iphoneos;
				SWIFT_COMPILATION_MODE = wholemodule;
				SWIFT_OPTIMIZATION_LEVEL = "-O";
				VALIDATE_PRODUCT = YES;
			};
			name = Release;
		};
		64FDD84D28436ED8007E3256 /* Debug */ = {
			isa = XCBuildConfiguration;
			buildSettings = {
				ASSETCATALOG_COMPILER_APPICON_NAME = AppIcon;
				ASSETCATALOG_COMPILER_GLOBAL_ACCENT_COLOR_NAME = AccentColor;
				CODE_SIGN_STYLE = Automatic;
				CURRENT_PROJECT_VERSION = 1;
				DEVELOPMENT_TEAM = YX85UGB2WF;
				GENERATE_INFOPLIST_FILE = YES;
				INFOPLIST_FILE = DribbbleAPISample/Info.plist;
				INFOPLIST_KEY_UIApplicationSupportsIndirectInputEvents = YES;
				INFOPLIST_KEY_UILaunchStoryboardName = LaunchScreen;
				INFOPLIST_KEY_UIMainStoryboardFile = Main;
				INFOPLIST_KEY_UISupportedInterfaceOrientations_iPad = "UIInterfaceOrientationPortrait UIInterfaceOrientationPortraitUpsideDown UIInterfaceOrientationLandscapeLeft UIInterfaceOrientationLandscapeRight";
				INFOPLIST_KEY_UISupportedInterfaceOrientations_iPhone = "UIInterfaceOrientationPortrait UIInterfaceOrientationLandscapeLeft UIInterfaceOrientationLandscapeRight";
				LD_RUNPATH_SEARCH_PATHS = (
					"$(inherited)",
					"@executable_path/Frameworks",
				);
				MARKETING_VERSION = 1.0;
				PRODUCT_BUNDLE_IDENTIFIER = com.somedev.DribbbleAPISample;
				PRODUCT_NAME = "$(TARGET_NAME)";
				SWIFT_EMIT_LOC_STRINGS = YES;
				SWIFT_VERSION = 5.0;
				TARGETED_DEVICE_FAMILY = "1,2";
			};
			name = Debug;
		};
		64FDD84E28436ED8007E3256 /* Release */ = {
			isa = XCBuildConfiguration;
			buildSettings = {
				ASSETCATALOG_COMPILER_APPICON_NAME = AppIcon;
				ASSETCATALOG_COMPILER_GLOBAL_ACCENT_COLOR_NAME = AccentColor;
				CODE_SIGN_STYLE = Automatic;
				CURRENT_PROJECT_VERSION = 1;
				DEVELOPMENT_TEAM = YX85UGB2WF;
				GENERATE_INFOPLIST_FILE = YES;
				INFOPLIST_FILE = DribbbleAPISample/Info.plist;
				INFOPLIST_KEY_UIApplicationSupportsIndirectInputEvents = YES;
				INFOPLIST_KEY_UILaunchStoryboardName = LaunchScreen;
				INFOPLIST_KEY_UIMainStoryboardFile = Main;
				INFOPLIST_KEY_UISupportedInterfaceOrientations_iPad = "UIInterfaceOrientationPortrait UIInterfaceOrientationPortraitUpsideDown UIInterfaceOrientationLandscapeLeft UIInterfaceOrientationLandscapeRight";
				INFOPLIST_KEY_UISupportedInterfaceOrientations_iPhone = "UIInterfaceOrientationPortrait UIInterfaceOrientationLandscapeLeft UIInterfaceOrientationLandscapeRight";
				LD_RUNPATH_SEARCH_PATHS = (
					"$(inherited)",
					"@executable_path/Frameworks",
				);
				MARKETING_VERSION = 1.0;
				PRODUCT_BUNDLE_IDENTIFIER = com.somedev.DribbbleAPISample;
				PRODUCT_NAME = "$(TARGET_NAME)";
				SWIFT_EMIT_LOC_STRINGS = YES;
				SWIFT_VERSION = 5.0;
				TARGETED_DEVICE_FAMILY = "1,2";
			};
			name = Release;
		};
/* End XCBuildConfiguration section */

/* Begin XCConfigurationList section */
		64FDD83328436ED7007E3256 /* Build configuration list for PBXProject "DribbbleAPISample" */ = {
			isa = XCConfigurationList;
			buildConfigurations = (
				64FDD84A28436ED8007E3256 /* Debug */,
				64FDD84B28436ED8007E3256 /* Release */,
			);
			defaultConfigurationIsVisible = 0;
			defaultConfigurationName = Release;
		};
		64FDD84C28436ED8007E3256 /* Build configuration list for PBXNativeTarget "DribbbleAPISample" */ = {
			isa = XCConfigurationList;
			buildConfigurations = (
				64FDD84D28436ED8007E3256 /* Debug */,
				64FDD84E28436ED8007E3256 /* Release */,
			);
			defaultConfigurationIsVisible = 0;
			defaultConfigurationName = Release;
		};
/* End XCConfigurationList section */

/* Begin XCRemoteSwiftPackageReference section */
		64FDD84F28436F2F007E3256 /* XCRemoteSwiftPackageReference "DribbbleAPI" */ = {
			isa = XCRemoteSwiftPackageReference;
			repositoryURL = "https://github.com/somedev/DribbbleAPI";
			requirement = {
				branch = master;
				kind = branch;
			};
		};
/* End XCRemoteSwiftPackageReference section */

/* Begin XCSwiftPackageProductDependency section */
		64FDD85028436F2F007E3256 /* DribbbleAPI */ = {
			isa = XCSwiftPackageProductDependency;
			package = 64FDD84F28436F2F007E3256 /* XCRemoteSwiftPackageReference "DribbbleAPI" */;
			productName = DribbbleAPI;
		};
/* End XCSwiftPackageProductDependency section */
	};
	rootObject = 64FDD83028436ED7007E3256 /* Project object */;
}
